
Microsoft Visual Studio Solution File, Format Version 12.00
# Visual Studio 2012
Project("{FAE04EC0-301F-11D3-BF4B-00C04F79EFBC}") = "LectioDivinaAutor", "LectioDivinaAutor\LectioDivinaAutor.csproj", "{29A2BC52-FB60-474B-A705-D38AF5A5CAB2}"
	ProjectSection(ProjectDependencies) = postProject
		{8868DF2B-D293-40DC-9348-F1F62140DFC3} = {8868DF2B-D293-40DC-9348-F1F62140DFC3}
		{C3960368-D106-494B-AE0C-348F56EFAE3C} = {C3960368-D106-494B-AE0C-348F56EFAE3C}
	EndProjectSection
EndProject
Project("{FAE04EC0-301F-11D3-BF4B-00C04F79EFBC}") = "LectioDivinaWydawca", "LectioDivinaWydawca\LectioDivinaWydawca.csproj", "{BB0803DC-11A0-410C-827F-CD9BF3324C2A}"
	ProjectSection(ProjectDependencies) = postProject
		{8868DF2B-D293-40DC-9348-F1F62140DFC3} = {8868DF2B-D293-40DC-9348-F1F62140DFC3}
		{415B9347-2F6A-4B7E-9A3F-43B8DDE44E03} = {415B9347-2F6A-4B7E-9A3F-43B8DDE44E03}
		{C3960368-D106-494B-AE0C-348F56EFAE3C} = {C3960368-D106-494B-AE0C-348F56EFAE3C}
		{84BADDA1-AB3A-4064-B87E-178D7446901D} = {84BADDA1-AB3A-4064-B87E-178D7446901D}
	EndProjectSection
EndProject
Project("{FAE04EC0-301F-11D3-BF4B-00C04F79EFBC}") = "SmithHtmlEditor", "SmithHtmlEditor\SmithHtmlEditor.csproj", "{84BADDA1-AB3A-4064-B87E-178D7446901D}"
EndProject
Project("{FAE04EC0-301F-11D3-BF4B-00C04F79EFBC}") = "WordAutomation", "WordAutomation\WordAutomation.csproj", "{8868DF2B-D293-40DC-9348-F1F62140DFC3}"
EndProject
Project("{FAE04EC0-301F-11D3-BF4B-00C04F79EFBC}") = "LectioDivinaControls", "LectioDivinaControls\LectioDivinaControls.csproj", "{415B9347-2F6A-4B7E-9A3F-43B8DDE44E03}"
EndProject
Project("{FAE04EC0-301F-11D3-BF4B-00C04F79EFBC}") = "LectioDivinaModel", "LectioDivinaModel\LectioDivinaModel.csproj", "{C3960368-D106-494B-AE0C-348F56EFAE3C}"
EndProject
Project("{FAE04EC0-301F-11D3-BF4B-00C04F79EFBC}") = "MvvmLight.Extensions", "MvvmLight.Extensions\MvvmLight.Extensions.csproj", "{6EFA876B-1755-4D8B-97CB-B189A213115D}"
EndProject
Project("{FAE04EC0-301F-11D3-BF4B-00C04F79EFBC}") = "SmithHtmlEditorTest", "SmithHtmlEditorTest\SmithHtmlEditorTest.csproj", "{557291C0-2E27-4758-AD29-44229B7BE8E4}"
EndProject
Project("{FAE04EC0-301F-11D3-BF4B-00C04F79EFBC}") = "LectioDivinaService", "LectioDivinaService\LectioDivinaService.csproj", "{1BA44B67-D18B-438F-A394-CD2F3CD18DF7}"
EndProject
Project("{FAE04EC0-301F-11D3-BF4B-00C04F79EFBC}") = "AE.Net.Mail", "AENetMail\AE.Net.Mail.csproj", "{68E9CF8C-AB54-4CC7-A34F-C7F469E4EFE0}"
EndProject
Project("{FAE04EC0-301F-11D3-BF4B-00C04F79EFBC}") = "OnJestSlowoProxy", "OnJestSlowoProxy\OnJestSlowoProxy.csproj", "{394603D2-A8A4-4DFA-A0E4-F09557BDA8E5}"
EndProject
Project("{930C7802-8A8C-48F9-8165-68863BCCD9DD}") = "LectioDivinaAutorInstal", "LectioDivinaAutorInstal\LectioDivinaAutorInstal.wixproj", "{9B7487DB-B6C5-43FD-8704-A61B35D1B1F3}"
EndProject
Global
	GlobalSection(SolutionConfigurationPlatforms) = preSolution
		CD_ROM|Any CPU = CD_ROM|Any CPU
		CD_ROM|Mixed Platforms = CD_ROM|Mixed Platforms
		CD_ROM|x86 = CD_ROM|x86
		Debug|Any CPU = Debug|Any CPU
		Debug|Mixed Platforms = Debug|Mixed Platforms
		Debug|x86 = Debug|x86
		DVD-5|Any CPU = DVD-5|Any CPU
		DVD-5|Mixed Platforms = DVD-5|Mixed Platforms
		DVD-5|x86 = DVD-5|x86
		Release|Any CPU = Release|Any CPU
		Release|Mixed Platforms = Release|Mixed Platforms
		Release|x86 = Release|x86
		SingleImage|Any CPU = SingleImage|Any CPU
		SingleImage|Mixed Platforms = SingleImage|Mixed Platforms
		SingleImage|x86 = SingleImage|x86
	EndGlobalSection
	GlobalSection(ProjectConfigurationPlatforms) = postSolution
		{29A2BC52-FB60-474B-A705-D38AF5A5CAB2}.CD_ROM|Any CPU.ActiveCfg = Release|Any CPU
		{29A2BC52-FB60-474B-A705-D38AF5A5CAB2}.CD_ROM|Any CPU.Build.0 = Release|Any CPU
		{29A2BC52-FB60-474B-A705-D38AF5A5CAB2}.CD_ROM|Mixed Platforms.ActiveCfg = Debug|Any CPU
		{29A2BC52-FB60-474B-A705-D38AF5A5CAB2}.CD_ROM|Mixed Platforms.Build.0 = Debug|Any CPU
		{29A2BC52-FB60-474B-A705-D38AF5A5CAB2}.CD_ROM|x86.ActiveCfg = Debug|Any CPU
		{29A2BC52-FB60-474B-A705-D38AF5A5CAB2}.Debug|Any CPU.ActiveCfg = Debug|Any CPU
		{29A2BC52-FB60-474B-A705-D38AF5A5CAB2}.Debug|Any CPU.Build.0 = Debug|Any CPU
		{29A2BC52-FB60-474B-A705-D38AF5A5CAB2}.Debug|Mixed Platforms.ActiveCfg = Debug|Any CPU
		{29A2BC52-FB60-474B-A705-D38AF5A5CAB2}.Debug|Mixed Platforms.Build.0 = Debug|Any CPU
		{29A2BC52-FB60-474B-A705-D38AF5A5CAB2}.Debug|x86.ActiveCfg = Debug|Any CPU
		{29A2BC52-FB60-474B-A705-D38AF5A5CAB2}.DVD-5|Any CPU.ActiveCfg = Debug|Any CPU
		{29A2BC52-FB60-474B-A705-D38AF5A5CAB2}.DVD-5|Any CPU.Build.0 = Debug|Any CPU
		{29A2BC52-FB60-474B-A705-D38AF5A5CAB2}.DVD-5|Mixed Platforms.ActiveCfg = Debug|Any CPU
		{29A2BC52-FB60-474B-A705-D38AF5A5CAB2}.DVD-5|Mixed Platforms.Build.0 = Debug|Any CPU
		{29A2BC52-FB60-474B-A705-D38AF5A5CAB2}.DVD-5|x86.ActiveCfg = Debug|Any CPU
		{29A2BC52-FB60-474B-A705-D38AF5A5CAB2}.Release|Any CPU.ActiveCfg = Release|Any CPU
		{29A2BC52-FB60-474B-A705-D38AF5A5CAB2}.Release|Any CPU.Build.0 = Release|Any CPU
		{29A2BC52-FB60-474B-A705-D38AF5A5CAB2}.Release|Mixed Platforms.ActiveCfg = Release|Any CPU
		{29A2BC52-FB60-474B-A705-D38AF5A5CAB2}.Release|Mixed Platforms.Build.0 = Release|Any CPU
		{29A2BC52-FB60-474B-A705-D38AF5A5CAB2}.Release|x86.ActiveCfg = Release|Any CPU
		{29A2BC52-FB60-474B-A705-D38AF5A5CAB2}.SingleImage|Any CPU.ActiveCfg = Release|Any CPU
		{29A2BC52-FB60-474B-A705-D38AF5A5CAB2}.SingleImage|Any CPU.Build.0 = Release|Any CPU
		{29A2BC52-FB60-474B-A705-D38AF5A5CAB2}.SingleImage|Mixed Platforms.ActiveCfg = Debug|Any CPU
		{29A2BC52-FB60-474B-A705-D38AF5A5CAB2}.SingleImage|Mixed Platforms.Build.0 = Debug|Any CPU
		{29A2BC52-FB60-474B-A705-D38AF5A5CAB2}.SingleImage|x86.ActiveCfg = Debug|Any CPU
		{BB0803DC-11A0-410C-827F-CD9BF3324C2A}.CD_ROM|Any CPU.ActiveCfg = Release|Any CPU
		{BB0803DC-11A0-410C-827F-CD9BF3324C2A}.CD_ROM|Any CPU.Build.0 = Release|Any CPU
		{BB0803DC-11A0-410C-827F-CD9BF3324C2A}.CD_ROM|Mixed Platforms.ActiveCfg = Debug|Any CPU
		{BB0803DC-11A0-410C-827F-CD9BF3324C2A}.CD_ROM|Mixed Platforms.Build.0 = Debug|Any CPU
		{BB0803DC-11A0-410C-827F-CD9BF3324C2A}.CD_ROM|x86.ActiveCfg = Debug|Any CPU
		{BB0803DC-11A0-410C-827F-CD9BF3324C2A}.Debug|Any CPU.ActiveCfg = Debug|Any CPU
		{BB0803DC-11A0-410C-827F-CD9BF3324C2A}.Debug|Any CPU.Build.0 = Debug|Any CPU
		{BB0803DC-11A0-410C-827F-CD9BF3324C2A}.Debug|Mixed Platforms.ActiveCfg = Debug|Any CPU
		{BB0803DC-11A0-410C-827F-CD9BF3324C2A}.Debug|Mixed Platforms.Build.0 = Debug|Any CPU
		{BB0803DC-11A0-410C-827F-CD9BF3324C2A}.Debug|x86.ActiveCfg = Debug|Any CPU
		{BB0803DC-11A0-410C-827F-CD9BF3324C2A}.DVD-5|Any CPU.ActiveCfg = Debug|Any CPU
		{BB0803DC-11A0-410C-827F-CD9BF3324C2A}.DVD-5|Any CPU.Build.0 = Debug|Any CPU
		{BB0803DC-11A0-410C-827F-CD9BF3324C2A}.DVD-5|Mixed Platforms.ActiveCfg = Debug|Any CPU
		{BB0803DC-11A0-410C-827F-CD9BF3324C2A}.DVD-5|Mixed Platforms.Build.0 = Debug|Any CPU
		{BB0803DC-11A0-410C-827F-CD9BF3324C2A}.DVD-5|x86.ActiveCfg = Debug|Any CPU
		{BB0803DC-11A0-410C-827F-CD9BF3324C2A}.Release|Any CPU.ActiveCfg = Release|Any CPU
		{BB0803DC-11A0-410C-827F-CD9BF3324C2A}.Release|Any CPU.Build.0 = Release|Any CPU
		{BB0803DC-11A0-410C-827F-CD9BF3324C2A}.Release|Mixed Platforms.ActiveCfg = Release|Any CPU
		{BB0803DC-11A0-410C-827F-CD9BF3324C2A}.Release|Mixed Platforms.Build.0 = Release|Any CPU
		{BB0803DC-11A0-410C-827F-CD9BF3324C2A}.Release|x86.ActiveCfg = Release|Any CPU
		{BB0803DC-11A0-410C-827F-CD9BF3324C2A}.SingleImage|Any CPU.ActiveCfg = Release|Any CPU
		{BB0803DC-11A0-410C-827F-CD9BF3324C2A}.SingleImage|Any CPU.Build.0 = Release|Any CPU
		{BB0803DC-11A0-410C-827F-CD9BF3324C2A}.SingleImage|Mixed Platforms.ActiveCfg = Debug|Any CPU
		{BB0803DC-11A0-410C-827F-CD9BF3324C2A}.SingleImage|Mixed Platforms.Build.0 = Debug|Any CPU
		{BB0803DC-11A0-410C-827F-CD9BF3324C2A}.SingleImage|x86.ActiveCfg = Debug|Any CPU
		{84BADDA1-AB3A-4064-B87E-178D7446901D}.CD_ROM|Any CPU.ActiveCfg = Release|Any CPU
		{84BADDA1-AB3A-4064-B87E-178D7446901D}.CD_ROM|Any CPU.Build.0 = Release|Any CPU
		{84BADDA1-AB3A-4064-B87E-178D7446901D}.CD_ROM|Mixed Platforms.ActiveCfg = Debug|Any CPU
		{84BADDA1-AB3A-4064-B87E-178D7446901D}.CD_ROM|Mixed Platforms.Build.0 = Debug|Any CPU
		{84BADDA1-AB3A-4064-B87E-178D7446901D}.CD_ROM|x86.ActiveCfg = Debug|Any CPU
		{84BADDA1-AB3A-4064-B87E-178D7446901D}.Debug|Any CPU.ActiveCfg = Debug|Any CPU
		{84BADDA1-AB3A-4064-B87E-178D7446901D}.Debug|Any CPU.Build.0 = Debug|Any CPU
		{84BADDA1-AB3A-4064-B87E-178D7446901D}.Debug|Mixed Platforms.ActiveCfg = Debug|Any CPU
		{84BADDA1-AB3A-4064-B87E-178D7446901D}.Debug|Mixed Platforms.Build.0 = Debug|Any CPU
		{84BADDA1-AB3A-4064-B87E-178D7446901D}.Debug|x86.ActiveCfg = Debug|Any CPU
		{84BADDA1-AB3A-4064-B87E-178D7446901D}.DVD-5|Any CPU.ActiveCfg = Debug|Any CPU
		{84BADDA1-AB3A-4064-B87E-178D7446901D}.DVD-5|Any CPU.Build.0 = Debug|Any CPU
		{84BADDA1-AB3A-4064-B87E-178D7446901D}.DVD-5|Mixed Platforms.ActiveCfg = Debug|Any CPU
		{84BADDA1-AB3A-4064-B87E-178D7446901D}.DVD-5|Mixed Platforms.Build.0 = Debug|Any CPU
		{84BADDA1-AB3A-4064-B87E-178D7446901D}.DVD-5|x86.ActiveCfg = Debug|Any CPU
		{84BADDA1-AB3A-4064-B87E-178D7446901D}.Release|Any CPU.ActiveCfg = Release|Any CPU
		{84BADDA1-AB3A-4064-B87E-178D7446901D}.Release|Any CPU.Build.0 = Release|Any CPU
		{84BADDA1-AB3A-4064-B87E-178D7446901D}.Release|Mixed Platforms.ActiveCfg = Release|Any CPU
		{84BADDA1-AB3A-4064-B87E-178D7446901D}.Release|Mixed Platforms.Build.0 = Release|Any CPU
		{84BADDA1-AB3A-4064-B87E-178D7446901D}.Release|x86.ActiveCfg = Release|Any CPU
		{84BADDA1-AB3A-4064-B87E-178D7446901D}.SingleImage|Any CPU.ActiveCfg = Release|Any CPU
		{84BADDA1-AB3A-4064-B87E-178D7446901D}.SingleImage|Any CPU.Build.0 = Release|Any CPU
		{84BADDA1-AB3A-4064-B87E-178D7446901D}.SingleImage|Mixed Platforms.ActiveCfg = Debug|Any CPU
		{84BADDA1-AB3A-4064-B87E-178D7446901D}.SingleImage|Mixed Platforms.Build.0 = Debug|Any CPU
		{84BADDA1-AB3A-4064-B87E-178D7446901D}.SingleImage|x86.ActiveCfg = Debug|Any CPU
		{8868DF2B-D293-40DC-9348-F1F62140DFC3}.CD_ROM|Any CPU.ActiveCfg = Release|Any CPU
		{8868DF2B-D293-40DC-9348-F1F62140DFC3}.CD_ROM|Any CPU.Build.0 = Release|Any CPU
		{8868DF2B-D293-40DC-9348-F1F62140DFC3}.CD_ROM|Mixed Platforms.ActiveCfg = Debug|Any CPU
		{8868DF2B-D293-40DC-9348-F1F62140DFC3}.CD_ROM|Mixed Platforms.Build.0 = Debug|Any CPU
		{8868DF2B-D293-40DC-9348-F1F62140DFC3}.CD_ROM|x86.ActiveCfg = Debug|Any CPU
		{8868DF2B-D293-40DC-9348-F1F62140DFC3}.Debug|Any CPU.ActiveCfg = Debug|Any CPU
		{8868DF2B-D293-40DC-9348-F1F62140DFC3}.Debug|Any CPU.Build.0 = Debug|Any CPU
		{8868DF2B-D293-40DC-9348-F1F62140DFC3}.Debug|Mixed Platforms.ActiveCfg = Debug|Any CPU
		{8868DF2B-D293-40DC-9348-F1F62140DFC3}.Debug|Mixed Platforms.Build.0 = Debug|Any CPU
		{8868DF2B-D293-40DC-9348-F1F62140DFC3}.Debug|x86.ActiveCfg = Debug|Any CPU
		{8868DF2B-D293-40DC-9348-F1F62140DFC3}.DVD-5|Any CPU.ActiveCfg = Debug|Any CPU
		{8868DF2B-D293-40DC-9348-F1F62140DFC3}.DVD-5|Any CPU.Build.0 = Debug|Any CPU
		{8868DF2B-D293-40DC-9348-F1F62140DFC3}.DVD-5|Mixed Platforms.ActiveCfg = Debug|Any CPU
		{8868DF2B-D293-40DC-9348-F1F62140DFC3}.DVD-5|Mixed Platforms.Build.0 = Debug|Any CPU
		{8868DF2B-D293-40DC-9348-F1F62140DFC3}.DVD-5|x86.ActiveCfg = Debug|Any CPU
		{8868DF2B-D293-40DC-9348-F1F62140DFC3}.Release|Any CPU.ActiveCfg = Release|Any CPU
		{8868DF2B-D293-40DC-9348-F1F62140DFC3}.Release|Any CPU.Build.0 = Release|Any CPU
		{8868DF2B-D293-40DC-9348-F1F62140DFC3}.Release|Mixed Platforms.ActiveCfg = Release|Any CPU
		{8868DF2B-D293-40DC-9348-F1F62140DFC3}.Release|Mixed Platforms.Build.0 = Release|Any CPU
		{8868DF2B-D293-40DC-9348-F1F62140DFC3}.Release|x86.ActiveCfg = Release|Any CPU
		{8868DF2B-D293-40DC-9348-F1F62140DFC3}.SingleImage|Any CPU.ActiveCfg = Release|Any CPU
		{8868DF2B-D293-40DC-9348-F1F62140DFC3}.SingleImage|Any CPU.Build.0 = Release|Any CPU
		{8868DF2B-D293-40DC-9348-F1F62140DFC3}.SingleImage|Mixed Platforms.ActiveCfg = Debug|Any CPU
		{8868DF2B-D293-40DC-9348-F1F62140DFC3}.SingleImage|Mixed Platforms.Build.0 = Debug|Any CPU
		{8868DF2B-D293-40DC-9348-F1F62140DFC3}.SingleImage|x86.ActiveCfg = Debug|Any CPU
		{415B9347-2F6A-4B7E-9A3F-43B8DDE44E03}.CD_ROM|Any CPU.ActiveCfg = Release|Any CPU
		{415B9347-2F6A-4B7E-9A3F-43B8DDE44E03}.CD_ROM|Any CPU.Build.0 = Release|Any CPU
		{415B9347-2F6A-4B7E-9A3F-43B8DDE44E03}.CD_ROM|Mixed Platforms.ActiveCfg = Debug|Any CPU
		{415B9347-2F6A-4B7E-9A3F-43B8DDE44E03}.CD_ROM|Mixed Platforms.Build.0 = Debug|Any CPU
		{415B9347-2F6A-4B7E-9A3F-43B8DDE44E03}.CD_ROM|x86.ActiveCfg = Debug|Any CPU
		{415B9347-2F6A-4B7E-9A3F-43B8DDE44E03}.Debug|Any CPU.ActiveCfg = Debug|Any CPU
		{415B9347-2F6A-4B7E-9A3F-43B8DDE44E03}.Debug|Any CPU.Build.0 = Debug|Any CPU
		{415B9347-2F6A-4B7E-9A3F-43B8DDE44E03}.Debug|Mixed Platforms.ActiveCfg = Debug|Any CPU
		{415B9347-2F6A-4B7E-9A3F-43B8DDE44E03}.Debug|Mixed Platforms.Build.0 = Debug|Any CPU
		{415B9347-2F6A-4B7E-9A3F-43B8DDE44E03}.Debug|x86.ActiveCfg = Debug|Any CPU
		{415B9347-2F6A-4B7E-9A3F-43B8DDE44E03}.DVD-5|Any CPU.ActiveCfg = Debug|Any CPU
		{415B9347-2F6A-4B7E-9A3F-43B8DDE44E03}.DVD-5|Any CPU.Build.0 = Debug|Any CPU
		{415B9347-2F6A-4B7E-9A3F-43B8DDE44E03}.DVD-5|Mixed Platforms.ActiveCfg = Debug|Any CPU
		{415B9347-2F6A-4B7E-9A3F-43B8DDE44E03}.DVD-5|Mixed Platforms.Build.0 = Debug|Any CPU
		{415B9347-2F6A-4B7E-9A3F-43B8DDE44E03}.DVD-5|x86.ActiveCfg = Debug|Any CPU
		{415B9347-2F6A-4B7E-9A3F-43B8DDE44E03}.Release|Any CPU.ActiveCfg = Release|Any CPU
		{415B9347-2F6A-4B7E-9A3F-43B8DDE44E03}.Release|Any CPU.Build.0 = Release|Any CPU
		{415B9347-2F6A-4B7E-9A3F-43B8DDE44E03}.Release|Mixed Platforms.ActiveCfg = Release|Any CPU
		{415B9347-2F6A-4B7E-9A3F-43B8DDE44E03}.Release|Mixed Platforms.Build.0 = Release|Any CPU
		{415B9347-2F6A-4B7E-9A3F-43B8DDE44E03}.Release|x86.ActiveCfg = Release|Any CPU
		{415B9347-2F6A-4B7E-9A3F-43B8DDE44E03}.SingleImage|Any CPU.ActiveCfg = Release|Any CPU
		{415B9347-2F6A-4B7E-9A3F-43B8DDE44E03}.SingleImage|Any CPU.Build.0 = Release|Any CPU
		{415B9347-2F6A-4B7E-9A3F-43B8DDE44E03}.SingleImage|Mixed Platforms.ActiveCfg = Debug|Any CPU
		{415B9347-2F6A-4B7E-9A3F-43B8DDE44E03}.SingleImage|Mixed Platforms.Build.0 = Debug|Any CPU
		{415B9347-2F6A-4B7E-9A3F-43B8DDE44E03}.SingleImage|x86.ActiveCfg = Debug|Any CPU
		{C3960368-D106-494B-AE0C-348F56EFAE3C}.CD_ROM|Any CPU.ActiveCfg = Release|Any CPU
		{C3960368-D106-494B-AE0C-348F56EFAE3C}.CD_ROM|Any CPU.Build.0 = Release|Any CPU
		{C3960368-D106-494B-AE0C-348F56EFAE3C}.CD_ROM|Mixed Platforms.ActiveCfg = Debug|Any CPU
		{C3960368-D106-494B-AE0C-348F56EFAE3C}.CD_ROM|Mixed Platforms.Build.0 = Debug|Any CPU
		{C3960368-D106-494B-AE0C-348F56EFAE3C}.CD_ROM|x86.ActiveCfg = Debug|Any CPU
		{C3960368-D106-494B-AE0C-348F56EFAE3C}.Debug|Any CPU.ActiveCfg = Debug|Any CPU
		{C3960368-D106-494B-AE0C-348F56EFAE3C}.Debug|Any CPU.Build.0 = Debug|Any CPU
		{C3960368-D106-494B-AE0C-348F56EFAE3C}.Debug|Mixed Platforms.ActiveCfg = Debug|Any CPU
		{C3960368-D106-494B-AE0C-348F56EFAE3C}.Debug|Mixed Platforms.Build.0 = Debug|Any CPU
		{C3960368-D106-494B-AE0C-348F56EFAE3C}.Debug|x86.ActiveCfg = Debug|Any CPU
		{C3960368-D106-494B-AE0C-348F56EFAE3C}.DVD-5|Any CPU.ActiveCfg = Debug|Any CPU
		{C3960368-D106-494B-AE0C-348F56EFAE3C}.DVD-5|Any CPU.Build.0 = Debug|Any CPU
		{C3960368-D106-494B-AE0C-348F56EFAE3C}.DVD-5|Mixed Platforms.ActiveCfg = Debug|Any CPU
		{C3960368-D106-494B-AE0C-348F56EFAE3C}.DVD-5|Mixed Platforms.Build.0 = Debug|Any CPU
		{C3960368-D106-494B-AE0C-348F56EFAE3C}.DVD-5|x86.ActiveCfg = Debug|Any CPU
		{C3960368-D106-494B-AE0C-348F56EFAE3C}.Release|Any CPU.ActiveCfg = Release|Any CPU
		{C3960368-D106-494B-AE0C-348F56EFAE3C}.Release|Any CPU.Build.0 = Release|Any CPU
		{C3960368-D106-494B-AE0C-348F56EFAE3C}.Release|Mixed Platforms.ActiveCfg = Release|Any CPU
		{C3960368-D106-494B-AE0C-348F56EFAE3C}.Release|Mixed Platforms.Build.0 = Release|Any CPU
		{C3960368-D106-494B-AE0C-348F56EFAE3C}.Release|x86.ActiveCfg = Release|Any CPU
		{C3960368-D106-494B-AE0C-348F56EFAE3C}.SingleImage|Any CPU.ActiveCfg = Release|Any CPU
		{C3960368-D106-494B-AE0C-348F56EFAE3C}.SingleImage|Any CPU.Build.0 = Release|Any CPU
		{C3960368-D106-494B-AE0C-348F56EFAE3C}.SingleImage|Mixed Platforms.ActiveCfg = Debug|Any CPU
		{C3960368-D106-494B-AE0C-348F56EFAE3C}.SingleImage|Mixed Platforms.Build.0 = Debug|Any CPU
		{C3960368-D106-494B-AE0C-348F56EFAE3C}.SingleImage|x86.ActiveCfg = Debug|Any CPU
		{6EFA876B-1755-4D8B-97CB-B189A213115D}.CD_ROM|Any CPU.ActiveCfg = Release|Any CPU
		{6EFA876B-1755-4D8B-97CB-B189A213115D}.CD_ROM|Any CPU.Build.0 = Release|Any CPU
		{6EFA876B-1755-4D8B-97CB-B189A213115D}.CD_ROM|Mixed Platforms.ActiveCfg = Debug|Any CPU
		{6EFA876B-1755-4D8B-97CB-B189A213115D}.CD_ROM|Mixed Platforms.Build.0 = Debug|Any CPU
		{6EFA876B-1755-4D8B-97CB-B189A213115D}.CD_ROM|x86.ActiveCfg = Debug|Any CPU
		{6EFA876B-1755-4D8B-97CB-B189A213115D}.Debug|Any CPU.ActiveCfg = Debug|Any CPU
		{6EFA876B-1755-4D8B-97CB-B189A213115D}.Debug|Any CPU.Build.0 = Debug|Any CPU
		{6EFA876B-1755-4D8B-97CB-B189A213115D}.Debug|Mixed Platforms.ActiveCfg = Debug|Any CPU
		{6EFA876B-1755-4D8B-97CB-B189A213115D}.Debug|Mixed Platforms.Build.0 = Debug|Any CPU
		{6EFA876B-1755-4D8B-97CB-B189A213115D}.Debug|x86.ActiveCfg = Debug|Any CPU
		{6EFA876B-1755-4D8B-97CB-B189A213115D}.DVD-5|Any CPU.ActiveCfg = Debug|Any CPU
		{6EFA876B-1755-4D8B-97CB-B189A213115D}.DVD-5|Any CPU.Build.0 = Debug|Any CPU
		{6EFA876B-1755-4D8B-97CB-B189A213115D}.DVD-5|Mixed Platforms.ActiveCfg = Debug|Any CPU
		{6EFA876B-1755-4D8B-97CB-B189A213115D}.DVD-5|Mixed Platforms.Build.0 = Debug|Any CPU
		{6EFA876B-1755-4D8B-97CB-B189A213115D}.DVD-5|x86.ActiveCfg = Debug|Any CPU
		{6EFA876B-1755-4D8B-97CB-B189A213115D}.Release|Any CPU.ActiveCfg = Release|Any CPU
		{6EFA876B-1755-4D8B-97CB-B189A213115D}.Release|Any CPU.Build.0 = Release|Any CPU
		{6EFA876B-1755-4D8B-97CB-B189A213115D}.Release|Mixed Platforms.ActiveCfg = Release|Any CPU
		{6EFA876B-1755-4D8B-97CB-B189A213115D}.Release|Mixed Platforms.Build.0 = Release|Any CPU
		{6EFA876B-1755-4D8B-97CB-B189A213115D}.Release|x86.ActiveCfg = Release|Any CPU
		{6EFA876B-1755-4D8B-97CB-B189A213115D}.SingleImage|Any CPU.ActiveCfg = Release|Any CPU
		{6EFA876B-1755-4D8B-97CB-B189A213115D}.SingleImage|Any CPU.Build.0 = Release|Any CPU
		{6EFA876B-1755-4D8B-97CB-B189A213115D}.SingleImage|Mixed Platforms.ActiveCfg = Debug|Any CPU
		{6EFA876B-1755-4D8B-97CB-B189A213115D}.SingleImage|Mixed Platforms.Build.0 = Debug|Any CPU
		{6EFA876B-1755-4D8B-97CB-B189A213115D}.SingleImage|x86.ActiveCfg = Debug|Any CPU
		{557291C0-2E27-4758-AD29-44229B7BE8E4}.CD_ROM|Any CPU.ActiveCfg = Release|Any CPU
		{557291C0-2E27-4758-AD29-44229B7BE8E4}.CD_ROM|Any CPU.Build.0 = Release|Any CPU
		{557291C0-2E27-4758-AD29-44229B7BE8E4}.CD_ROM|Mixed Platforms.ActiveCfg = Debug|Any CPU
		{557291C0-2E27-4758-AD29-44229B7BE8E4}.CD_ROM|Mixed Platforms.Build.0 = Debug|Any CPU
		{557291C0-2E27-4758-AD29-44229B7BE8E4}.CD_ROM|x86.ActiveCfg = Debug|Any CPU
		{557291C0-2E27-4758-AD29-44229B7BE8E4}.Debug|Any CPU.ActiveCfg = Debug|Any CPU
		{557291C0-2E27-4758-AD29-44229B7BE8E4}.Debug|Any CPU.Build.0 = Debug|Any CPU
		{557291C0-2E27-4758-AD29-44229B7BE8E4}.Debug|Mixed Platforms.ActiveCfg = Debug|Any CPU
		{557291C0-2E27-4758-AD29-44229B7BE8E4}.Debug|Mixed Platforms.Build.0 = Debug|Any CPU
		{557291C0-2E27-4758-AD29-44229B7BE8E4}.Debug|x86.ActiveCfg = Debug|Any CPU
		{557291C0-2E27-4758-AD29-44229B7BE8E4}.DVD-5|Any CPU.ActiveCfg = Debug|Any CPU
		{557291C0-2E27-4758-AD29-44229B7BE8E4}.DVD-5|Any CPU.Build.0 = Debug|Any CPU
		{557291C0-2E27-4758-AD29-44229B7BE8E4}.DVD-5|Mixed Platforms.ActiveCfg = Debug|Any CPU
		{557291C0-2E27-4758-AD29-44229B7BE8E4}.DVD-5|Mixed Platforms.Build.0 = Debug|Any CPU
		{557291C0-2E27-4758-AD29-44229B7BE8E4}.DVD-5|x86.ActiveCfg = Debug|Any CPU
		{557291C0-2E27-4758-AD29-44229B7BE8E4}.Release|Any CPU.ActiveCfg = Release|Any CPU
		{557291C0-2E27-4758-AD29-44229B7BE8E4}.Release|Any CPU.Build.0 = Release|Any CPU
		{557291C0-2E27-4758-AD29-44229B7BE8E4}.Release|Mixed Platforms.ActiveCfg = Release|Any CPU
		{557291C0-2E27-4758-AD29-44229B7BE8E4}.Release|Mixed Platforms.Build.0 = Release|Any CPU
		{557291C0-2E27-4758-AD29-44229B7BE8E4}.Release|x86.ActiveCfg = Release|Any CPU
		{557291C0-2E27-4758-AD29-44229B7BE8E4}.SingleImage|Any CPU.ActiveCfg = Release|Any CPU
		{557291C0-2E27-4758-AD29-44229B7BE8E4}.SingleImage|Any CPU.Build.0 = Release|Any CPU
		{557291C0-2E27-4758-AD29-44229B7BE8E4}.SingleImage|Mixed Platforms.ActiveCfg = Debug|Any CPU
		{557291C0-2E27-4758-AD29-44229B7BE8E4}.SingleImage|Mixed Platforms.Build.0 = Debug|Any CPU
		{557291C0-2E27-4758-AD29-44229B7BE8E4}.SingleImage|x86.ActiveCfg = Debug|Any CPU
		{1BA44B67-D18B-438F-A394-CD2F3CD18DF7}.CD_ROM|Any CPU.ActiveCfg = Release|Any CPU
		{1BA44B67-D18B-438F-A394-CD2F3CD18DF7}.CD_ROM|Any CPU.Build.0 = Release|Any CPU
		{1BA44B67-D18B-438F-A394-CD2F3CD18DF7}.CD_ROM|Mixed Platforms.ActiveCfg = Debug|Any CPU
		{1BA44B67-D18B-438F-A394-CD2F3CD18DF7}.CD_ROM|Mixed Platforms.Build.0 = Debug|Any CPU
		{1BA44B67-D18B-438F-A394-CD2F3CD18DF7}.CD_ROM|x86.ActiveCfg = Debug|Any CPU
		{1BA44B67-D18B-438F-A394-CD2F3CD18DF7}.Debug|Any CPU.ActiveCfg = Debug|Any CPU
		{1BA44B67-D18B-438F-A394-CD2F3CD18DF7}.Debug|Any CPU.Build.0 = Debug|Any CPU
		{1BA44B67-D18B-438F-A394-CD2F3CD18DF7}.Debug|Mixed Platforms.ActiveCfg = Debug|Any CPU
		{1BA44B67-D18B-438F-A394-CD2F3CD18DF7}.Debug|Mixed Platforms.Build.0 = Debug|Any CPU
		{1BA44B67-D18B-438F-A394-CD2F3CD18DF7}.Debug|x86.ActiveCfg = Debug|Any CPU
		{1BA44B67-D18B-438F-A394-CD2F3CD18DF7}.DVD-5|Any CPU.ActiveCfg = Debug|Any CPU
		{1BA44B67-D18B-438F-A394-CD2F3CD18DF7}.DVD-5|Any CPU.Build.0 = Debug|Any CPU
		{1BA44B67-D18B-438F-A394-CD2F3CD18DF7}.DVD-5|Mixed Platforms.ActiveCfg = Debug|Any CPU
		{1BA44B67-D18B-438F-A394-CD2F3CD18DF7}.DVD-5|Mixed Platforms.Build.0 = Debug|Any CPU
		{1BA44B67-D18B-438F-A394-CD2F3CD18DF7}.DVD-5|x86.ActiveCfg = Debug|Any CPU
		{1BA44B67-D18B-438F-A394-CD2F3CD18DF7}.Release|Any CPU.ActiveCfg = Release|Any CPU
		{1BA44B67-D18B-438F-A394-CD2F3CD18DF7}.Release|Any CPU.Build.0 = Release|Any CPU
		{1BA44B67-D18B-438F-A394-CD2F3CD18DF7}.Release|Mixed Platforms.ActiveCfg = Release|Any CPU
		{1BA44B67-D18B-438F-A394-CD2F3CD18DF7}.Release|Mixed Platforms.Build.0 = Release|Any CPU
		{1BA44B67-D18B-438F-A394-CD2F3CD18DF7}.Release|x86.ActiveCfg = Release|Any CPU
		{1BA44B67-D18B-438F-A394-CD2F3CD18DF7}.SingleImage|Any CPU.ActiveCfg = Release|Any CPU
		{1BA44B67-D18B-438F-A394-CD2F3CD18DF7}.SingleImage|Any CPU.Build.0 = Release|Any CPU
		{1BA44B67-D18B-438F-A394-CD2F3CD18DF7}.SingleImage|Mixed Platforms.ActiveCfg = Debug|Any CPU
		{1BA44B67-D18B-438F-A394-CD2F3CD18DF7}.SingleImage|Mixed Platforms.Build.0 = Debug|Any CPU
		{1BA44B67-D18B-438F-A394-CD2F3CD18DF7}.SingleImage|x86.ActiveCfg = Debug|Any CPU
		{68E9CF8C-AB54-4CC7-A34F-C7F469E4EFE0}.CD_ROM|Any CPU.ActiveCfg = Release|Any CPU
		{68E9CF8C-AB54-4CC7-A34F-C7F469E4EFE0}.CD_ROM|Any CPU.Build.0 = Release|Any CPU
		{68E9CF8C-AB54-4CC7-A34F-C7F469E4EFE0}.CD_ROM|Mixed Platforms.ActiveCfg = Debug|Any CPU
		{68E9CF8C-AB54-4CC7-A34F-C7F469E4EFE0}.CD_ROM|Mixed Platforms.Build.0 = Debug|Any CPU
		{68E9CF8C-AB54-4CC7-A34F-C7F469E4EFE0}.CD_ROM|x86.ActiveCfg = Debug|Any CPU
		{68E9CF8C-AB54-4CC7-A34F-C7F469E4EFE0}.Debug|Any CPU.ActiveCfg = Debug|Any CPU
		{68E9CF8C-AB54-4CC7-A34F-C7F469E4EFE0}.Debug|Any CPU.Build.0 = Debug|Any CPU
		{68E9CF8C-AB54-4CC7-A34F-C7F469E4EFE0}.Debug|Mixed Platforms.ActiveCfg = Debug|Any CPU
		{68E9CF8C-AB54-4CC7-A34F-C7F469E4EFE0}.Debug|Mixed Platforms.Build.0 = Debug|Any CPU
		{68E9CF8C-AB54-4CC7-A34F-C7F469E4EFE0}.Debug|x86.ActiveCfg = Debug|Any CPU
		{68E9CF8C-AB54-4CC7-A34F-C7F469E4EFE0}.DVD-5|Any CPU.ActiveCfg = Debug|Any CPU
		{68E9CF8C-AB54-4CC7-A34F-C7F469E4EFE0}.DVD-5|Any CPU.Build.0 = Debug|Any CPU
		{68E9CF8C-AB54-4CC7-A34F-C7F469E4EFE0}.DVD-5|Mixed Platforms.ActiveCfg = Debug|Any CPU
		{68E9CF8C-AB54-4CC7-A34F-C7F469E4EFE0}.DVD-5|Mixed Platforms.Build.0 = Debug|Any CPU
		{68E9CF8C-AB54-4CC7-A34F-C7F469E4EFE0}.DVD-5|x86.ActiveCfg = Debug|Any CPU
		{68E9CF8C-AB54-4CC7-A34F-C7F469E4EFE0}.Release|Any CPU.ActiveCfg = Release|Any CPU
		{68E9CF8C-AB54-4CC7-A34F-C7F469E4EFE0}.Release|Any CPU.Build.0 = Release|Any CPU
		{68E9CF8C-AB54-4CC7-A34F-C7F469E4EFE0}.Release|Mixed Platforms.ActiveCfg = Release|Any CPU
		{68E9CF8C-AB54-4CC7-A34F-C7F469E4EFE0}.Release|Mixed Platforms.Build.0 = Release|Any CPU
		{68E9CF8C-AB54-4CC7-A34F-C7F469E4EFE0}.Release|x86.ActiveCfg = Release|Any CPU
		{68E9CF8C-AB54-4CC7-A34F-C7F469E4EFE0}.SingleImage|Any CPU.ActiveCfg = Release|Any CPU
		{68E9CF8C-AB54-4CC7-A34F-C7F469E4EFE0}.SingleImage|Any CPU.Build.0 = Release|Any CPU
		{68E9CF8C-AB54-4CC7-A34F-C7F469E4EFE0}.SingleImage|Mixed Platforms.ActiveCfg = Debug|Any CPU
		{68E9CF8C-AB54-4CC7-A34F-C7F469E4EFE0}.SingleImage|Mixed Platforms.Build.0 = Debug|Any CPU
		{68E9CF8C-AB54-4CC7-A34F-C7F469E4EFE0}.SingleImage|x86.ActiveCfg = Debug|Any CPU
		{394603D2-A8A4-4DFA-A0E4-F09557BDA8E5}.CD_ROM|Any CPU.ActiveCfg = Release|Any CPU
		{394603D2-A8A4-4DFA-A0E4-F09557BDA8E5}.CD_ROM|Any CPU.Build.0 = Release|Any CPU
		{394603D2-A8A4-4DFA-A0E4-F09557BDA8E5}.CD_ROM|Mixed Platforms.ActiveCfg = Debug|Any CPU
		{394603D2-A8A4-4DFA-A0E4-F09557BDA8E5}.CD_ROM|Mixed Platforms.Build.0 = Debug|Any CPU
		{394603D2-A8A4-4DFA-A0E4-F09557BDA8E5}.CD_ROM|x86.ActiveCfg = Debug|Any CPU
		{394603D2-A8A4-4DFA-A0E4-F09557BDA8E5}.Debug|Any CPU.ActiveCfg = Debug|Any CPU
		{394603D2-A8A4-4DFA-A0E4-F09557BDA8E5}.Debug|Any CPU.Build.0 = Debug|Any CPU
		{394603D2-A8A4-4DFA-A0E4-F09557BDA8E5}.Debug|Mixed Platforms.ActiveCfg = Debug|Any CPU
		{394603D2-A8A4-4DFA-A0E4-F09557BDA8E5}.Debug|Mixed Platforms.Build.0 = Debug|Any CPU
		{394603D2-A8A4-4DFA-A0E4-F09557BDA8E5}.Debug|x86.ActiveCfg = Debug|Any CPU
		{394603D2-A8A4-4DFA-A0E4-F09557BDA8E5}.DVD-5|Any CPU.ActiveCfg = Debug|Any CPU
		{394603D2-A8A4-4DFA-A0E4-F09557BDA8E5}.DVD-5|Any CPU.Build.0 = Debug|Any CPU
		{394603D2-A8A4-4DFA-A0E4-F09557BDA8E5}.DVD-5|Mixed Platforms.ActiveCfg = Debug|Any CPU
		{394603D2-A8A4-4DFA-A0E4-F09557BDA8E5}.DVD-5|Mixed Platforms.Build.0 = Debug|Any CPU
		{394603D2-A8A4-4DFA-A0E4-F09557BDA8E5}.DVD-5|x86.ActiveCfg = Debug|Any CPU
		{394603D2-A8A4-4DFA-A0E4-F09557BDA8E5}.Release|Any CPU.ActiveCfg = Release|Any CPU
		{394603D2-A8A4-4DFA-A0E4-F09557BDA8E5}.Release|Any CPU.Build.0 = Release|Any CPU
		{394603D2-A8A4-4DFA-A0E4-F09557BDA8E5}.Release|Mixed Platforms.ActiveCfg = Release|Any CPU
		{394603D2-A8A4-4DFA-A0E4-F09557BDA8E5}.Release|Mixed Platforms.Build.0 = Release|Any CPU
		{394603D2-A8A4-4DFA-A0E4-F09557BDA8E5}.Release|x86.ActiveCfg = Release|Any CPU
		{394603D2-A8A4-4DFA-A0E4-F09557BDA8E5}.SingleImage|Any CPU.ActiveCfg = Release|Any CPU
		{394603D2-A8A4-4DFA-A0E4-F09557BDA8E5}.SingleImage|Any CPU.Build.0 = Release|Any CPU
		{394603D2-A8A4-4DFA-A0E4-F09557BDA8E5}.SingleImage|Mixed Platforms.ActiveCfg = Debug|Any CPU
		{394603D2-A8A4-4DFA-A0E4-F09557BDA8E5}.SingleImage|Mixed Platforms.Build.0 = Debug|Any CPU
		{394603D2-A8A4-4DFA-A0E4-F09557BDA8E5}.SingleImage|x86.ActiveCfg = Debug|Any CPU
		{9B7487DB-B6C5-43FD-8704-A61B35D1B1F3}.CD_ROM|Any CPU.ActiveCfg = Release|x86
		{9B7487DB-B6C5-43FD-8704-A61B35D1B1F3}.CD_ROM|Mixed Platforms.ActiveCfg = Release|x86
		{9B7487DB-B6C5-43FD-8704-A61B35D1B1F3}.CD_ROM|Mixed Platforms.Build.0 = Release|x86
		{9B7487DB-B6C5-43FD-8704-A61B35D1B1F3}.CD_ROM|x86.ActiveCfg = Release|x86
		{9B7487DB-B6C5-43FD-8704-A61B35D1B1F3}.CD_ROM|x86.Build.0 = Release|x86
		{9B7487DB-B6C5-43FD-8704-A61B35D1B1F3}.Debug|Any CPU.ActiveCfg = Debug|x86
		{9B7487DB-B6C5-43FD-8704-A61B35D1B1F3}.Debug|Mixed Platforms.ActiveCfg = Debug|x86
		{9B7487DB-B6C5-43FD-8704-A61B35D1B1F3}.Debug|Mixed Platforms.Build.0 = Debug|x86
		{9B7487DB-B6C5-43FD-8704-A61B35D1B1F3}.Debug|x86.ActiveCfg = Debug|x86
		{9B7487DB-B6C5-43FD-8704-A61B35D1B1F3}.Debug|x86.Build.0 = Debug|x86
		{9B7487DB-B6C5-43FD-8704-A61B35D1B1F3}.DVD-5|Any CPU.ActiveCfg = Debug|x86
		{9B7487DB-B6C5-43FD-8704-A61B35D1B1F3}.DVD-5|Mixed Platforms.ActiveCfg = Debug|x86
		{9B7487DB-B6C5-43FD-8704-A61B35D1B1F3}.DVD-5|Mixed Platforms.Build.0 = Debug|x86
		{9B7487DB-B6C5-43FD-8704-A61B35D1B1F3}.DVD-5|x86.ActiveCfg = Debug|x86
		{9B7487DB-B6C5-43FD-8704-A61B35D1B1F3}.DVD-5|x86.Build.0 = Debug|x86
		{9B7487DB-B6C5-43FD-8704-A61B35D1B1F3}.Release|Any CPU.ActiveCfg = Release|x86
		{9B7487DB-B6C5-43FD-8704-A61B35D1B1F3}.Release|Mixed Platforms.ActiveCfg = Release|x86
		{9B7487DB-B6C5-43FD-8704-A61B35D1B1F3}.Release|Mixed Platforms.Build.0 = Release|x86
		{9B7487DB-B6C5-43FD-8704-A61B35D1B1F3}.Release|x86.ActiveCfg = Release|x86
		{9B7487DB-B6C5-43FD-8704-A61B35D1B1F3}.Release|x86.Build.0 = Release|x86
		{9B7487DB-B6C5-43FD-8704-A61B35D1B1F3}.SingleImage|Any CPU.ActiveCfg = Release|x86
		{9B7487DB-B6C5-43FD-8704-A61B35D1B1F3}.SingleImage|Mixed Platforms.ActiveCfg = Release|x86
		{9B7487DB-B6C5-43FD-8704-A61B35D1B1F3}.SingleImage|Mixed Platforms.Build.0 = Release|x86
		{9B7487DB-B6C5-43FD-8704-A61B35D1B1F3}.SingleImage|x86.ActiveCfg = Release|x86
		{9B7487DB-B6C5-43FD-8704-A61B35D1B1F3}.SingleImage|x86.Build.0 = Release|x86
	EndGlobalSection
	GlobalSection(SolutionProperties) = preSolution
		HideSolutionNode = FALSE
	EndGlobalSection
EndGlobal
